github.com/HMasataka/stalker v0.0.0-20250822032827-fca8f211e08d h1:joK/dUOxA7yfjS6mortr2Ne8cjPUb77Vd6yMzeC02kc=
github.com/HMasataka/stalker v0.0.0-20250822032827-fca8f211e08d/go.mod h1:engcY1BtIhsEcl9p9yUe9Sa4JWZxmCdKstu+2yJAqdo=
github.com/HMasataka/stalker v0.0.0-20250822043653-c43adf31a082 h1:lmJI5x4TgL7NWerXz/xGe89cEa+GiBv9JeZC2o14eIs=
github.com/HMasataka/stalker v0.0.0-20250822043653-c43adf31a082/go.mod h1:engcY1BtIhsEcl9p9yUe9Sa4JWZxmCdKstu+2yJAqdo=
